
Microsoft Visual Studio Solution File, Format Version 12.00
# Visual Studio Version 16
VisualStudioVersion = 16.0.29609.76
MinimumVisualStudioVersion = 10.0.40219.1
Project("{9A19103F-16F7-4668-BE54-9A1E7A4F7556}") = "Promitor.ResourceDiscovery.Agent", "Promitor.ResourceDiscovery.Agent\Promitor.ResourceDiscovery.Agent.csproj", "{DE2E7C21-E261-4A78-8C63-7EEBD2CB3354}"
EndProject
Project("{E53339B2-1760-4266-BCC7-CA923CBCF16C}") = "Promitor.ResourceDiscovery.Docker", "Promitor.ResourceDiscovery.Docker.dcproj", "{321AFAC4-A649-49DD-B733-9D461B44BDCE}"
EndProject
Project("{9A19103F-16F7-4668-BE54-9A1E7A4F7556}") = "Promitor.ResourceDiscovery.Tests.Integration", "Promitor.ResourceDiscovery.Tests.Integration\Promitor.ResourceDiscovery.Tests.Integration.csproj", "{111FBD53-6A14-4361-A72B-E9618395D8D9}"
EndProject
Project("{2150E333-8FDC-42A3-9474-1A3956D46DE8}") = "Tests", "Tests", "{7DC59CA1-1698-4198-AD71-9234B064CC68}"
EndProject
Project("{2150E333-8FDC-42A3-9474-1A3956D46DE8}") = "Config", "Config", "{95A90D91-5832-4FCE-8ED7-904E1837BAE0}"
	ProjectSection(SolutionItems) = preProject
		..\tests\discovery-config.yaml = ..\tests\discovery-config.yaml
	EndProjectSection
EndProject
Global
	GlobalSection(SolutionConfigurationPlatforms) = preSolution
		Debug|Any CPU = Debug|Any CPU
		Release|Any CPU = Release|Any CPU
	EndGlobalSection
	GlobalSection(ProjectConfigurationPlatforms) = postSolution
		{DE2E7C21-E261-4A78-8C63-7EEBD2CB3354}.Debug|Any CPU.ActiveCfg = Debug|Any CPU
		{DE2E7C21-E261-4A78-8C63-7EEBD2CB3354}.Debug|Any CPU.Build.0 = Debug|Any CPU
		{DE2E7C21-E261-4A78-8C63-7EEBD2CB3354}.Release|Any CPU.ActiveCfg = Release|Any CPU
		{DE2E7C21-E261-4A78-8C63-7EEBD2CB3354}.Release|Any CPU.Build.0 = Release|Any CPU
		{321AFAC4-A649-49DD-B733-9D461B44BDCE}.Debug|Any CPU.ActiveCfg = Debug|Any CPU
		{321AFAC4-A649-49DD-B733-9D461B44BDCE}.Debug|Any CPU.Build.0 = Debug|Any CPU
		{321AFAC4-A649-49DD-B733-9D461B44BDCE}.Release|Any CPU.ActiveCfg = Release|Any CPU
		{321AFAC4-A649-49DD-B733-9D461B44BDCE}.Release|Any CPU.Build.0 = Release|Any CPU
		{111FBD53-6A14-4361-A72B-E9618395D8D9}.Debug|Any CPU.ActiveCfg = Debug|Any CPU
		{111FBD53-6A14-4361-A72B-E9618395D8D9}.Debug|Any CPU.Build.0 = Debug|Any CPU
		{111FBD53-6A14-4361-A72B-E9618395D8D9}.Release|Any CPU.ActiveCfg = Release|Any CPU
		{111FBD53-6A14-4361-A72B-E9618395D8D9}.Release|Any CPU.Build.0 = Release|Any CPU
	EndGlobalSection
	GlobalSection(SolutionProperties) = preSolution
		HideSolutionNode = FALSE
	EndGlobalSection
	GlobalSection(NestedProjects) = preSolution
		{111FBD53-6A14-4361-A72B-E9618395D8D9} = {7DC59CA1-1698-4198-AD71-9234B064CC68}
	EndGlobalSection
	GlobalSection(ExtensibilityGlobals) = postSolution
		SolutionGuid = {E9FC4DEA-2E5E-40A2-9399-B6AC11ECEC12}
	EndGlobalSection
EndGlobal
